# This file is automatically @generated by Cargo.
# It is not intended for manual editing.
version = 3

[[package]]
name = "anisette_kit"
version = "0.1.0"
dependencies = [
 "cc",
 "objc2",
]

[[package]]
name = "block-sys"
version = "0.1.0-beta.2"
source = "registry+https://github.com/rust-lang/crates.io-index"
checksum = "a0a27d75e09d3d1a1b72c2583aaec59db16932ea927846036b24b968d8240c08"
dependencies = [
 "objc-sys",
]

[[package]]
name = "block2"
version = "0.2.0-alpha.7"
source = "registry+https://github.com/rust-lang/crates.io-index"
checksum = "344b33cc92d2c0816f45d61b2dca4a30fb8c84e395a4323397f0965f16f990e1"
dependencies = [
 "block-sys",
 "objc2-encode",
]

[[package]]
name = "cc"
version = "1.0.78"
source = "registry+https://github.com/rust-lang/crates.io-index"
checksum = "a20104e2335ce8a659d6dd92a51a767a0c062599c73b343fd152cb401e828c3d"

[[package]]
name = "objc-sys"
version = "0.2.0-beta.3"
source = "registry+https://github.com/rust-lang/crates.io-index"
checksum = "c0925b3332d2aaa3a78b65b065cf68ab0e1d7527d5f7fe48c7613ce166f1494a"

[[package]]
name = "objc2"
version = "0.3.0-beta.4"
source = "registry+https://github.com/rust-lang/crates.io-index"
checksum = "cd23541ef10d7053608da654dcc785e7bba1f9c9a9b3f01abef086e6b18e55af"
dependencies = [
 "block2",
 "objc-sys",
 "objc2-encode",
]

[[package]]
name = "objc2-encode"
version = "2.0.0-pre.3"
source = "registry+https://github.com/rust-lang/crates.io-index"
checksum = "2612e4d4049c415e4a5de45c1d000df1bcf4782167716db14c3d5d54285da846"
dependencies = [
 "objc-sys",
]
